
Microsoft Visual Studio Solution File, Format Version 12.00
# Visual Studio Version 17
VisualStudioVersion = 17.8.34309.116
MinimumVisualStudioVersion = 10.0.40219.1
Project("{FAE04EC0-301F-11D3-BF4B-00C04F79EFBC}") = "GroceriesPlatform.API", "GroceriesPlatform.API\GroceriesPlatform.API.csproj", "{3D0A4EB8-8606-441F-920A-78EF2C7C4627}"
EndProject
Global
	GlobalSection(SolutionConfigurationPlatforms) = preSolution
		Debug|Any CPU = Debug|Any CPU
		Release|Any CPU = Release|Any CPU
	EndGlobalSection
	GlobalSection(ProjectConfigurationPlatforms) = postSolution
		{3D0A4EB8-8606-441F-920A-78EF2C7C4627}.Debug|Any CPU.ActiveCfg = Debug|Any CPU
		{3D0A4EB8-8606-441F-920A-78EF2C7C4627}.Debug|Any CPU.Build.0 = Debug|Any CPU
		{3D0A4EB8-8606-441F-920A-78EF2C7C4627}.Release|Any CPU.ActiveCfg = Release|Any CPU
		{3D0A4EB8-8606-441F-920A-78EF2C7C4627}.Release|Any CPU.Build.0 = Release|Any CPU
	EndGlobalSection
	GlobalSection(SolutionProperties) = preSolution
		HideSolutionNode = FALSE
	EndGlobalSection
	GlobalSection(ExtensibilityGlobals) = postSolution
		SolutionGuid = {B7525003-8AC8-495D-B978-A7B3A7E836E1}
	EndGlobalSection
EndGlobal
